{
  "version": 4,
  "terraform_version": "1.6.2",
  "serial": 13,
  "lineage": "9eb57208-84da-b04c-5916-dad2aa6de90a",
  "outputs": {},
  "resources": [
    {
      "mode": "managed",
      "type": "google_cloud_scheduler_job",
      "name": "netapp_backup_job",
      "provider": "provider[\"registry.terraform.io/hashicorp/google\"]",
      "instances": [
        {
          "schema_version": 0,
          "attributes": {
            "app_engine_http_target": [],
            "attempt_deadline": "",
            "description": "Scheduled job to trigger NetApp volume backup",
            "http_target": [],
            "id": "projects/rt11188354/locations/us-east4/jobs/netapp-backup-job",
            "name": "netapp-backup-job",
            "paused": false,
            "project": "rt11188354",
            "pubsub_target": [
              {
                "attributes": {},
                "data": "eyJtZXNzYWdlIjogIlRyaWdnZXIgTmV0QXBwIFZvbHVtZSBCYWNrdXAifQ==",
                "topic_name": "projects/rt11188354/topics/netapp-volume-backup-topic"
              }
            ],
            "region": "us-east4",
            "retry_config": [],
            "schedule": "0 * * * *",
            "state": "ENABLED",
            "time_zone": "UTC",
            "timeouts": null
          },
          "sensitive_attributes": [],
          "private": "eyJlMmJmYjczMC1lY2FhLTExZTYtOGY4OC0zNDM2M2JjN2M0YzAiOnsiY3JlYXRlIjoxMjAwMDAwMDAwMDAwLCJkZWxldGUiOjEyMDAwMDAwMDAwMDAsInVwZGF0ZSI6MTIwMDAwMDAwMDAwMH19",
          "dependencies": [
            "google_pubsub_topic.netapp_backup_topic"
          ]
        }
      ]
    },
    {
      "mode": "managed",
      "type": "google_cloudfunctions_function",
      "name": "netapp_backup_function",
      "provider": "provider[\"registry.terraform.io/hashicorp/google\"]",
      "instances": [
        {
          "schema_version": 0,
          "attributes": {
            "available_memory_mb": 256,
            "build_environment_variables": null,
            "build_service_account": "projects/rt11188354/serviceAccounts/995696777750-compute@developer.gserviceaccount.com",
            "build_worker_pool": "",
            "description": "Triggers a backup for Google Cloud NetApp volumes",
            "docker_registry": "ARTIFACT_REGISTRY",
            "docker_repository": "",
            "effective_labels": {
              "goog-terraform-provisioned": "true"
            },
            "entry_point": "create_volume_backup",
            "environment_variables": {
              "PROJECT_ID": "rt11188354",
              "REGION": "us-east4",
              "VOLUME_NAME": "standard-volume"
            },
            "event_trigger": [
              {
                "event_type": "google.pubsub.topic.publish",
                "failure_policy": [
                  {
                    "retry": false
                  }
                ],
                "resource": "projects/rt11188354/topics/netapp-volume-backup-topic"
              }
            ],
            "https_trigger_security_level": null,
            "https_trigger_url": null,
            "id": "projects/rt11188354/locations/us-east4/functions/create_volume_backup",
            "ingress_settings": "ALLOW_ALL",
            "kms_key_name": "",
            "labels": {},
            "max_instances": 3000,
            "min_instances": 0,
            "name": "create_volume_backup",
            "project": "rt11188354",
            "region": "us-east4",
            "runtime": "python310",
            "secret_environment_variables": [],
            "secret_volumes": [],
            "service_account_email": "rt11188354@appspot.gserviceaccount.com",
            "source_archive_bucket": "rt11188354-netapp-backup-functions",
            "source_archive_object": "backup",
            "source_repository": [],
            "status": "ACTIVE",
            "terraform_labels": {
              "goog-terraform-provisioned": "true"
            },
            "timeout": 60,
            "timeouts": null,
            "trigger_http": null,
            "version_id": "1",
            "vpc_connector": "",
            "vpc_connector_egress_settings": ""
          },
          "sensitive_attributes": [],
          "private": "eyJlMmJmYjczMC1lY2FhLTExZTYtOGY4OC0zNDM2M2JjN2M0YzAiOnsiY3JlYXRlIjoxMjAwMDAwMDAwMDAwLCJkZWxldGUiOjEyMDAwMDAwMDAwMDAsInJlYWQiOjEyMDAwMDAwMDAwMDAsInVwZGF0ZSI6MTIwMDAwMDAwMDAwMH19",
          "dependencies": [
            "google_pubsub_topic.netapp_backup_topic",
            "google_storage_bucket.function_bucket",
            "google_storage_bucket_object.function_code"
          ]
        }
      ]
    },
    {
      "mode": "managed",
      "type": "google_netapp_backup_vault",
      "name": "test_backup_vault",
      "provider": "provider[\"registry.terraform.io/hashicorp/google\"]",
      "instances": [
        {
          "schema_version": 0,
          "attributes": {
            "create_time": "2024-10-29T20:20:30.479Z",
            "description": "Terraform created vault",
            "effective_labels": {
              "creator": "testuser",
              "goog-terraform-provisioned": "true"
            },
            "id": "projects/rt11188354/locations/us-east4/backupVaults/test-backup-vault",
            "labels": {
              "creator": "testuser"
            },
            "location": "us-east4",
            "name": "test-backup-vault",
            "project": "rt11188354",
            "state": "READY",
            "terraform_labels": {
              "creator": "testuser",
              "goog-terraform-provisioned": "true"
            },
            "timeouts": null
          },
          "sensitive_attributes": [],
          "private": "eyJlMmJmYjczMC1lY2FhLTExZTYtOGY4OC0zNDM2M2JjN2M0YzAiOnsiY3JlYXRlIjoxMjAwMDAwMDAwMDAwLCJkZWxldGUiOjEyMDAwMDAwMDAwMDAsInVwZGF0ZSI6MTIwMDAwMDAwMDAwMH19"
        }
      ]
    },
    {
      "mode": "managed",
      "type": "google_pubsub_topic",
      "name": "netapp_backup_topic",
      "provider": "provider[\"registry.terraform.io/hashicorp/google\"]",
      "instances": [
        {
          "schema_version": 0,
          "attributes": {
            "effective_labels": {
              "goog-terraform-provisioned": "true"
            },
            "id": "projects/rt11188354/topics/netapp-volume-backup-topic",
            "ingestion_data_source_settings": [],
            "kms_key_name": "",
            "labels": {},
            "message_retention_duration": "",
            "message_storage_policy": [
              {
                "allowed_persistence_regions": [
                  "us-east1",
                  "us-east4"
                ]
              }
            ],
            "name": "netapp-volume-backup-topic",
            "project": "rt11188354",
            "schema_settings": [],
            "terraform_labels": {
              "goog-terraform-provisioned": "true"
            },
            "timeouts": null
          },
          "sensitive_attributes": [],
          "private": "eyJlMmJmYjczMC1lY2FhLTExZTYtOGY4OC0zNDM2M2JjN2M0YzAiOnsiY3JlYXRlIjoxMjAwMDAwMDAwMDAwLCJkZWxldGUiOjEyMDAwMDAwMDAwMDAsInVwZGF0ZSI6MTIwMDAwMDAwMDAwMH19"
        }
      ]
    },
    {
      "mode": "managed",
      "type": "google_storage_bucket",
      "name": "function_bucket",
      "provider": "provider[\"registry.terraform.io/hashicorp/google\"]",
      "instances": [
        {
          "schema_version": 3,
          "attributes": {
            "autoclass": [],
            "cors": [],
            "custom_placement_config": [],
            "default_event_based_hold": false,
            "effective_labels": {
              "goog-terraform-provisioned": "true"
            },
            "enable_object_retention": false,
            "encryption": [],
            "force_destroy": false,
            "hierarchical_namespace": [
              {
                "enabled": false
              }
            ],
            "id": "rt11188354-netapp-backup-functions",
            "labels": {},
            "lifecycle_rule": [],
            "location": "US-EAST4",
            "logging": [],
            "name": "rt11188354-netapp-backup-functions",
            "project": "rt11188354",
            "project_number": 995696777750,
            "public_access_prevention": "inherited",
            "requester_pays": false,
            "retention_policy": [],
            "rpo": null,
            "self_link": "https://www.googleapis.com/storage/v1/b/rt11188354-netapp-backup-functions",
            "soft_delete_policy": [
              {
                "effective_time": "2024-10-29T19:49:50.550Z",
                "retention_duration_seconds": 604800
              }
            ],
            "storage_class": "STANDARD",
            "terraform_labels": {
              "goog-terraform-provisioned": "true"
            },
            "timeouts": null,
            "uniform_bucket_level_access": false,
            "url": "gs://rt11188354-netapp-backup-functions",
            "versioning": [],
            "website": []
          },
          "sensitive_attributes": [],
          "private": "eyJlMmJmYjczMC1lY2FhLTExZTYtOGY4OC0zNDM2M2JjN2M0YzAiOnsiY3JlYXRlIjo2MDAwMDAwMDAwMDAsInJlYWQiOjI0MDAwMDAwMDAwMCwidXBkYXRlIjoyNDAwMDAwMDAwMDB9LCJzY2hlbWFfdmVyc2lvbiI6IjMifQ=="
        }
      ]
    },
    {
      "mode": "managed",
      "type": "google_storage_bucket_object",
      "name": "function_code",
      "provider": "provider[\"registry.terraform.io/hashicorp/google\"]",
      "instances": [
        {
          "schema_version": 0,
          "attributes": {
            "bucket": "rt11188354-netapp-backup-functions",
            "cache_control": "",
            "content": null,
            "content_disposition": "",
            "content_encoding": "",
            "content_language": "",
            "content_type": "application/zip",
            "crc32c": "p/ShBw==",
            "customer_encryption": [],
            "detect_md5hash": "oSmAXQXjLoFoBSpx09p4cQ==",
            "event_based_hold": false,
            "generation": 1730231647490559,
            "id": "rt11188354-netapp-backup-functions-backup",
            "kms_key_name": "",
            "md5hash": "oSmAXQXjLoFoBSpx09p4cQ==",
            "media_link": "https://storage.googleapis.com/download/storage/v1/b/rt11188354-netapp-backup-functions/o/backup?generation=1730231647490559\u0026alt=media",
            "metadata": {},
            "name": "backup",
            "output_name": "backup",
            "retention": [],
            "self_link": "https://www.googleapis.com/storage/v1/b/rt11188354-netapp-backup-functions/o/backup",
            "source": "backup.zip",
            "storage_class": "STANDARD",
            "temporary_hold": false,
            "timeouts": null
          },
          "sensitive_attributes": [],
          "private": "eyJlMmJmYjczMC1lY2FhLTExZTYtOGY4OC0zNDM2M2JjN2M0YzAiOnsiY3JlYXRlIjoyNDAwMDAwMDAwMDAsImRlbGV0ZSI6MjQwMDAwMDAwMDAwLCJ1cGRhdGUiOjI0MDAwMDAwMDAwMH19",
          "dependencies": [
            "google_storage_bucket.function_bucket"
          ]
        }
      ]
    }
  ],
  "check_results": null
}
